{
  "name": "@jiao-cli-dev/publish",
  "version": "2.0.1",
  "lockfileVersion": 2,
  "requires": true,
  "packages": {
    "": {
      "name": "@jiao-cli-dev/publish",
      "version": "2.0.1",
      "license": "ISC",
      "dependencies": {
        "@jiao-cli-dev/command": "file:../../models/command",
        "@jiao-cli-dev/git": "file:../../models/git",
        "@jiao-cli-dev/log": "file:../../utils/log",
        "fs-extra": "^11.1.1"
      }
    },
    "../../models/command": {
      "name": "@jiao-cli-dev/command",
      "version": "2.0.1",
      "license": "ISC",
      "dependencies": {
        "@imooc-cli-dev/log": "file:../../utils/log",
        "colors": "^1.4.0",
        "semver": "^7.5.0"
      }
    },
    "../../models/command/node_modules/@imooc-cli-dev/log": {
      "resolved": "../../utils/log",
      "link": true
    },
    "../../models/command/node_modules/colors": {
      "version": "1.4.0",
      "license": "MIT",
      "engines": {
        "node": ">=0.1.90"
      }
    },
    "../../models/command/node_modules/lru-cache": {
      "version": "6.0.0",
      "license": "ISC",
      "dependencies": {
        "yallist": "^4.0.0"
      },
      "engines": {
        "node": ">=10"
      }
    },
    "../../models/command/node_modules/semver": {
      "version": "7.5.0",
      "license": "ISC",
      "dependencies": {
        "lru-cache": "^6.0.0"
      },
      "bin": {
        "semver": "bin/semver.js"
      },
      "engines": {
        "node": ">=10"
      }
    },
    "../../models/command/node_modules/yallist": {
      "version": "4.0.0",
      "license": "ISC"
    },
    "../../models/git": {
      "version": "2.0.1",
      "license": "ISC"
    },
    "../../utils/log": {
      "name": "@jiao-cli-dev/log",
      "version": "1.0.4",
      "license": "ISC",
      "dependencies": {
        "npmlog": "^4.1.2"
      }
    },
    "../../utils/log/node_modules/ansi-regex": {
      "version": "2.1.1",
      "license": "MIT",
      "engines": {
        "node": ">=0.10.0"
      }
    },
    "../../utils/log/node_modules/aproba": {
      "version": "1.2.0",
      "license": "ISC"
    },
    "../../utils/log/node_modules/are-we-there-yet": {
      "version": "1.1.5",
      "license": "ISC",
      "dependencies": {
        "delegates": "^1.0.0",
        "readable-stream": "^2.0.6"
      }
    },
    "../../utils/log/node_modules/code-point-at": {
      "version": "1.1.0",
      "license": "MIT",
      "engines": {
        "node": ">=0.10.0"
      }
    },
    "../../utils/log/node_modules/console-control-strings": {
      "version": "1.1.0",
      "license": "ISC"
    },
    "../../utils/log/node_modules/core-util-is": {
      "version": "1.0.2",
      "license": "MIT"
    },
    "../../utils/log/node_modules/delegates": {
      "version": "1.0.0",
      "license": "MIT"
    },
    "../../utils/log/node_modules/gauge": {
      "version": "2.7.4",
      "license": "ISC",
      "dependencies": {
        "aproba": "^1.0.3",
        "console-control-strings": "^1.0.0",
        "has-unicode": "^2.0.0",
        "object-assign": "^4.1.0",
        "signal-exit": "^3.0.0",
        "string-width": "^1.0.1",
        "strip-ansi": "^3.0.1",
        "wide-align": "^1.1.0"
      }
    },
    "../../utils/log/node_modules/has-unicode": {
      "version": "2.0.1",
      "license": "ISC"
    },
    "../../utils/log/node_modules/inherits": {
      "version": "2.0.4",
      "license": "ISC"
    },
    "../../utils/log/node_modules/is-fullwidth-code-point": {
      "version": "1.0.0",
      "license": "MIT",
      "dependencies": {
        "number-is-nan": "^1.0.0"
      },
      "engines": {
        "node": ">=0.10.0"
      }
    },
    "../../utils/log/node_modules/isarray": {
      "version": "1.0.0",
      "license": "MIT"
    },
    "../../utils/log/node_modules/npmlog": {
      "version": "4.1.2",
      "license": "ISC",
      "dependencies": {
        "are-we-there-yet": "~1.1.2",
        "console-control-strings": "~1.1.0",
        "gauge": "~2.7.3",
        "set-blocking": "~2.0.0"
      }
    },
    "../../utils/log/node_modules/number-is-nan": {
      "version": "1.0.1",
      "license": "MIT",
      "engines": {
        "node": ">=0.10.0"
      }
    },
    "../../utils/log/node_modules/object-assign": {
      "version": "4.1.1",
      "license": "MIT",
      "engines": {
        "node": ">=0.10.0"
      }
    },
    "../../utils/log/node_modules/process-nextick-args": {
      "version": "2.0.1",
      "license": "MIT"
    },
    "../../utils/log/node_modules/readable-stream": {
      "version": "2.3.7",
      "license": "MIT",
      "dependencies": {
        "core-util-is": "~1.0.0",
        "inherits": "~2.0.3",
        "isarray": "~1.0.0",
        "process-nextick-args": "~2.0.0",
        "safe-buffer": "~5.1.1",
        "string_decoder": "~1.1.1",
        "util-deprecate": "~1.0.1"
      }
    },
    "../../utils/log/node_modules/safe-buffer": {
      "version": "5.1.2",
      "license": "MIT"
    },
    "../../utils/log/node_modules/set-blocking": {
      "version": "2.0.0",
      "license": "ISC"
    },
    "../../utils/log/node_modules/signal-exit": {
      "version": "3.0.3",
      "license": "ISC"
    },
    "../../utils/log/node_modules/string_decoder": {
      "version": "1.1.1",
      "license": "MIT",
      "dependencies": {
        "safe-buffer": "~5.1.0"
      }
    },
    "../../utils/log/node_modules/string-width": {
      "version": "1.0.2",
      "license": "MIT",
      "dependencies": {
        "code-point-at": "^1.0.0",
        "is-fullwidth-code-point": "^1.0.0",
        "strip-ansi": "^3.0.0"
      },
      "engines": {
        "node": ">=0.10.0"
      }
    },
    "../../utils/log/node_modules/strip-ansi": {
      "version": "3.0.1",
      "license": "MIT",
      "dependencies": {
        "ansi-regex": "^2.0.0"
      },
      "engines": {
        "node": ">=0.10.0"
      }
    },
    "../../utils/log/node_modules/util-deprecate": {
      "version": "1.0.2",
      "license": "MIT"
    },
    "../../utils/log/node_modules/wide-align": {
      "version": "1.1.3",
      "license": "ISC",
      "dependencies": {
        "string-width": "^1.0.2 || 2"
      }
    },
    "node_modules/@jiao-cli-dev/command": {
      "resolved": "../../models/command",
      "link": true
    },
    "node_modules/@jiao-cli-dev/git": {
      "resolved": "../../models/git",
      "link": true
    },
    "node_modules/@jiao-cli-dev/log": {
      "resolved": "../../utils/log",
      "link": true
    },
    "node_modules/fs-extra": {
      "version": "11.1.1",
      "resolved": "https://registry.npmjs.org/fs-extra/-/fs-extra-11.1.1.tgz",
      "integrity": "sha512-MGIE4HOvQCeUCzmlHs0vXpih4ysz4wg9qiSAu6cd42lVwPbTM1TjV7RusoyQqMmk/95gdQZX72u+YW+c3eEpFQ==",
      "dependencies": {
        "graceful-fs": "^4.2.0",
        "jsonfile": "^6.0.1",
        "universalify": "^2.0.0"
      },
      "engines": {
        "node": ">=14.14"
      }
    },
    "node_modules/graceful-fs": {
      "version": "4.2.11",
      "resolved": "https://registry.npmjs.org/graceful-fs/-/graceful-fs-4.2.11.tgz",
      "integrity": "sha512-RbJ5/jmFcNNCcDV5o9eTnBLJ/HszWV0P73bc+Ff4nS/rJj+YaS6IGyiOL0VoBYX+l1Wrl3k63h/KrH+nhJ0XvQ=="
    },
    "node_modules/jsonfile": {
      "version": "6.1.0",
      "resolved": "https://registry.npmjs.org/jsonfile/-/jsonfile-6.1.0.tgz",
      "integrity": "sha512-5dgndWOriYSm5cnYaJNhalLNDKOqFwyDB/rr1E9ZsGciGvKPs8R2xYGCacuf3z6K1YKDz182fd+fY3cn3pMqXQ==",
      "dependencies": {
        "universalify": "^2.0.0"
      },
      "optionalDependencies": {
        "graceful-fs": "^4.1.6"
      }
    },
    "node_modules/universalify": {
      "version": "2.0.0",
      "resolved": "https://registry.npmjs.org/universalify/-/universalify-2.0.0.tgz",
      "integrity": "sha512-hAZsKq7Yy11Zu1DE0OzWjw7nnLZmJZYTDZZyEFHZdUhV8FkH5MCfoU1XMaxXovpyW5nq5scPqq0ZDP9Zyl04oQ==",
      "engines": {
        "node": ">= 10.0.0"
      }
    }
  },
  "dependencies": {
    "@jiao-cli-dev/command": {
      "version": "file:../../models/command",
      "requires": {
        "@imooc-cli-dev/log": "file:../../utils/log",
        "colors": "^1.4.0",
        "semver": "^7.5.0"
      },
      "dependencies": {
        "@imooc-cli-dev/log": {
          "version": "file:../../utils/log",
          "requires": {
            "npmlog": "^4.1.2"
          },
          "dependencies": {
            "ansi-regex": {
              "version": "2.1.1"
            },
            "aproba": {
              "version": "1.2.0"
            },
            "are-we-there-yet": {
              "version": "1.1.5",
              "requires": {
                "delegates": "^1.0.0",
                "readable-stream": "^2.0.6"
              }
            },
            "code-point-at": {
              "version": "1.1.0"
            },
            "console-control-strings": {
              "version": "1.1.0"
            },
            "core-util-is": {
              "version": "1.0.2"
            },
            "delegates": {
              "version": "1.0.0"
            },
            "gauge": {
              "version": "2.7.4",
              "requires": {
                "aproba": "^1.0.3",
                "console-control-strings": "^1.0.0",
                "has-unicode": "^2.0.0",
                "object-assign": "^4.1.0",
                "signal-exit": "^3.0.0",
                "string-width": "^1.0.1",
                "strip-ansi": "^3.0.1",
                "wide-align": "^1.1.0"
              }
            },
            "has-unicode": {
              "version": "2.0.1"
            },
            "inherits": {
              "version": "2.0.4"
            },
            "is-fullwidth-code-point": {
              "version": "1.0.0",
              "requires": {
                "number-is-nan": "^1.0.0"
              }
            },
            "isarray": {
              "version": "1.0.0"
            },
            "npmlog": {
              "version": "4.1.2",
              "requires": {
                "are-we-there-yet": "~1.1.2",
                "console-control-strings": "~1.1.0",
                "gauge": "~2.7.3",
                "set-blocking": "~2.0.0"
              }
            },
            "number-is-nan": {
              "version": "1.0.1"
            },
            "object-assign": {
              "version": "4.1.1"
            },
            "process-nextick-args": {
              "version": "2.0.1"
            },
            "readable-stream": {
              "version": "2.3.7",
              "requires": {
                "core-util-is": "~1.0.0",
                "inherits": "~2.0.3",
                "isarray": "~1.0.0",
                "process-nextick-args": "~2.0.0",
                "safe-buffer": "~5.1.1",
                "string_decoder": "~1.1.1",
                "util-deprecate": "~1.0.1"
              }
            },
            "safe-buffer": {
              "version": "5.1.2"
            },
            "set-blocking": {
              "version": "2.0.0"
            },
            "signal-exit": {
              "version": "3.0.3"
            },
            "string_decoder": {
              "version": "1.1.1",
              "requires": {
                "safe-buffer": "~5.1.0"
              }
            },
            "string-width": {
              "version": "1.0.2",
              "requires": {
                "code-point-at": "^1.0.0",
                "is-fullwidth-code-point": "^1.0.0",
                "strip-ansi": "^3.0.0"
              }
            },
            "strip-ansi": {
              "version": "3.0.1",
              "requires": {
                "ansi-regex": "^2.0.0"
              }
            },
            "util-deprecate": {
              "version": "1.0.2"
            },
            "wide-align": {
              "version": "1.1.3",
              "requires": {
                "string-width": "^1.0.2 || 2"
              }
            }
          }
        },
        "colors": {
          "version": "1.4.0"
        },
        "lru-cache": {
          "version": "6.0.0",
          "requires": {
            "yallist": "^4.0.0"
          }
        },
        "semver": {
          "version": "7.5.0",
          "requires": {
            "lru-cache": "^6.0.0"
          }
        },
        "yallist": {
          "version": "4.0.0"
        }
      }
    },
    "@jiao-cli-dev/git": {
      "version": "file:../../models/git"
    },
    "@jiao-cli-dev/log": {
      "version": "file:../../utils/log",
      "requires": {
        "npmlog": "^4.1.2"
      },
      "dependencies": {
        "ansi-regex": {
          "version": "2.1.1"
        },
        "aproba": {
          "version": "1.2.0"
        },
        "are-we-there-yet": {
          "version": "1.1.5",
          "requires": {
            "delegates": "^1.0.0",
            "readable-stream": "^2.0.6"
          }
        },
        "code-point-at": {
          "version": "1.1.0"
        },
        "console-control-strings": {
          "version": "1.1.0"
        },
        "core-util-is": {
          "version": "1.0.2"
        },
        "delegates": {
          "version": "1.0.0"
        },
        "gauge": {
          "version": "2.7.4",
          "requires": {
            "aproba": "^1.0.3",
            "console-control-strings": "^1.0.0",
            "has-unicode": "^2.0.0",
            "object-assign": "^4.1.0",
            "signal-exit": "^3.0.0",
            "string-width": "^1.0.1",
            "strip-ansi": "^3.0.1",
            "wide-align": "^1.1.0"
          }
        },
        "has-unicode": {
          "version": "2.0.1"
        },
        "inherits": {
          "version": "2.0.4"
        },
        "is-fullwidth-code-point": {
          "version": "1.0.0",
          "requires": {
            "number-is-nan": "^1.0.0"
          }
        },
        "isarray": {
          "version": "1.0.0"
        },
        "npmlog": {
          "version": "4.1.2",
          "requires": {
            "are-we-there-yet": "~1.1.2",
            "console-control-strings": "~1.1.0",
            "gauge": "~2.7.3",
            "set-blocking": "~2.0.0"
          }
        },
        "number-is-nan": {
          "version": "1.0.1"
        },
        "object-assign": {
          "version": "4.1.1"
        },
        "process-nextick-args": {
          "version": "2.0.1"
        },
        "readable-stream": {
          "version": "2.3.7",
          "requires": {
            "core-util-is": "~1.0.0",
            "inherits": "~2.0.3",
            "isarray": "~1.0.0",
            "process-nextick-args": "~2.0.0",
            "safe-buffer": "~5.1.1",
            "string_decoder": "~1.1.1",
            "util-deprecate": "~1.0.1"
          }
        },
        "safe-buffer": {
          "version": "5.1.2"
        },
        "set-blocking": {
          "version": "2.0.0"
        },
        "signal-exit": {
          "version": "3.0.3"
        },
        "string_decoder": {
          "version": "1.1.1",
          "requires": {
            "safe-buffer": "~5.1.0"
          }
        },
        "string-width": {
          "version": "1.0.2",
          "requires": {
            "code-point-at": "^1.0.0",
            "is-fullwidth-code-point": "^1.0.0",
            "strip-ansi": "^3.0.0"
          }
        },
        "strip-ansi": {
          "version": "3.0.1",
          "requires": {
            "ansi-regex": "^2.0.0"
          }
        },
        "util-deprecate": {
          "version": "1.0.2"
        },
        "wide-align": {
          "version": "1.1.3",
          "requires": {
            "string-width": "^1.0.2 || 2"
          }
        }
      }
    },
    "fs-extra": {
      "version": "11.1.1",
      "resolved": "https://registry.npmjs.org/fs-extra/-/fs-extra-11.1.1.tgz",
      "integrity": "sha512-MGIE4HOvQCeUCzmlHs0vXpih4ysz4wg9qiSAu6cd42lVwPbTM1TjV7RusoyQqMmk/95gdQZX72u+YW+c3eEpFQ==",
      "requires": {
        "graceful-fs": "^4.2.0",
        "jsonfile": "^6.0.1",
        "universalify": "^2.0.0"
      }
    },
    "graceful-fs": {
      "version": "4.2.11",
      "resolved": "https://registry.npmjs.org/graceful-fs/-/graceful-fs-4.2.11.tgz",
      "integrity": "sha512-RbJ5/jmFcNNCcDV5o9eTnBLJ/HszWV0P73bc+Ff4nS/rJj+YaS6IGyiOL0VoBYX+l1Wrl3k63h/KrH+nhJ0XvQ=="
    },
    "jsonfile": {
      "version": "6.1.0",
      "resolved": "https://registry.npmjs.org/jsonfile/-/jsonfile-6.1.0.tgz",
      "integrity": "sha512-5dgndWOriYSm5cnYaJNhalLNDKOqFwyDB/rr1E9ZsGciGvKPs8R2xYGCacuf3z6K1YKDz182fd+fY3cn3pMqXQ==",
      "requires": {
        "graceful-fs": "^4.1.6",
        "universalify": "^2.0.0"
      }
    },
    "universalify": {
      "version": "2.0.0",
      "resolved": "https://registry.npmjs.org/universalify/-/universalify-2.0.0.tgz",
      "integrity": "sha512-hAZsKq7Yy11Zu1DE0OzWjw7nnLZmJZYTDZZyEFHZdUhV8FkH5MCfoU1XMaxXovpyW5nq5scPqq0ZDP9Zyl04oQ=="
    }
  }
}
