{
  "name": "@jiao-cli-dev/exec",
  "version": "1.0.6",
  "lockfileVersion": 2,
  "requires": true,
  "packages": {
    "": {
      "name": "@jiao-cli-dev/exec",
      "version": "1.0.5",
      "license": "ISC",
      "dependencies": {
        "@jiao-cli-dev/log": "file:../../utils/log",
        "@jiao-cli-dev/package": "file:../../models/package"
      }
    },
    "../../../module/package": {
      "extraneous": true
    },
    "../../models/package": {
      "name": "@jiao-cli-dev/package",
      "version": "1.0.5",
      "license": "ISC",
      "dependencies": {
        "@jiao-cli-dev/utils": "file:../../utils",
        "fs-extra": "^9.0.1",
        "inquirer": "^9.2.0",
        "npminstall": "^4.10.0",
        "path-exists": "^4.0.0",
        "pkg-dir": "^5.0.0"
      }
    },
    "../../module/package": {
      "extraneous": true
    },
    "../../utils": {
      "name": "@jiao-cli-dev/utils",
      "version": "0.5.0",
      "license": "ISC",
      "dependencies": {
        "npmlog": "^7.0.1"
      }
    },
    "../../utils/log": {
      "name": "@jiao-cli-dev/log",
      "version": "1.0.5",
      "license": "ISC",
      "dependencies": {
        "inquirer": "^9.2.0"
      }
    },
    "node_modules/@jiao-cli-dev/log": {
      "resolved": "../../utils/log",
      "link": true
    },
    "node_modules/@jiao-cli-dev/package": {
      "resolved": "../../models/package",
      "link": true
    }
  },
  "dependencies": {
    "@jiao-cli-dev/log": {
      "version": "file:../../utils/log",
      "requires": {
        "inquirer": "^9.2.0"
      }
    },
    "@jiao-cli-dev/package": {
      "version": "file:../../models/package",
      "requires": {
        "@jiao-cli-dev/utils": "file:../../utils",
        "fs-extra": "^9.0.1",
        "inquirer": "^9.2.0",
        "npminstall": "^4.10.0",
        "path-exists": "^4.0.0",
        "pkg-dir": "^5.0.0"
      }
    }
  }
}
