{
  "name": "@jiao-cli-dev/exec",
  "version": "1.0.5",
  "lockfileVersion": 2,
  "requires": true,
  "packages": {
    "": {
      "name": "@jiao-cli-dev/exec",
      "version": "1.0.5",
      "license": "ISC",
      "dependencies": {
        "@jiao-cli-dev/log": "file:../../utils/log",
        "@jiao-cli-dev/package": "file:../../models/package",
        "@jiao-cli-dev/utils": "file:../../utils"
      }
    },
    "../../../module/package": {
      "extraneous": true
    },
    "../../models/package": {
      "name": "@jiao-cli-dev/package",
      "version": "1.0.5",
      "license": "ISC"
    },
    "../../module/package": {
      "extraneous": true
    },
    "../../utils": {
      "version": "0.5.0",
      "license": "ISC",
      "dependencies": {
        "npmlog": "^7.0.1"
      }
    },
    "../../utils/log": {
      "name": "@jiao-cli-dev/log",
      "version": "1.0.5",
      "license": "ISC"
    },
    "node_modules/@jiao-cli-dev/log": {
      "resolved": "../../utils/log",
      "link": true
    },
    "node_modules/@jiao-cli-dev/package": {
      "resolved": "../../models/package",
      "link": true
    },
    "node_modules/@jiao-cli-dev/utils": {
      "resolved": "../../utils",
      "link": true
    }
  },
  "dependencies": {
    "@jiao-cli-dev/log": {
      "version": "file:../../utils/log"
    },
    "@jiao-cli-dev/package": {
      "version": "file:../../models/package"
    },
    "@jiao-cli-dev/utils": {
      "version": "file:../../utils",
      "requires": {
        "npmlog": "^7.0.1"
      }
    }
  }
}
